Microsoft Visual Studio Solution File, Format Version 9.00
# Visual Studio 2005
Project("{8BC9CEB8-8B4A-11D0-8D11-00A0C91BC942}") = "BecherGame", "BecherGame.vcproj", "{98D6D456-9B42-4866-95BE-234CE6CFFC08}"
EndProject
Project("{8BC9CEB8-8B4A-11D0-8D11-00A0C91BC942}") = "HoeGame", "..\..\Hoe\HoeGame\Win32\HoeGame.vcproj", "{945B955E-81E8-4716-ABBA-52ADE9B28A3D}"
	ProjectSection(ProjectDependencies) = postProject
		{EE836EF2-E930-44D9-97B0-71CBAF3EF521} = {EE836EF2-E930-44D9-97B0-71CBAF3EF521}
	EndProjectSection
EndProject
Project("{8BC9CEB8-8B4A-11D0-8D11-00A0C91BC942}") = "BecherEditor", "BecherEditor.vcproj", "{EFA8F4B3-B7A5-4C2D-8BA4-BAC4CA819864}"
EndProject
Project("{8BC9CEB8-8B4A-11D0-8D11-00A0C91BC942}") = "HoeEditor", "..\..\Hoe\HoeEditor\Win32\HoeEditor.vcproj", "{4053E9EC-D83D-4DFD-B382-2AB578FE1878}"
	ProjectSection(ProjectDependencies) = postProject
		{945B955E-81E8-4716-ABBA-52ADE9B28A3D} = {945B955E-81E8-4716-ABBA-52ADE9B28A3D}
	EndProjectSection
EndProject
Project("{8BC9CEB8-8B4A-11D0-8D11-00A0C91BC942}") = "Hoe3D", "..\..\Hoe\Hoe3D\Win32\Hoe3D\Hoe3D.vcproj", "{EE836EF2-E930-44D9-97B0-71CBAF3EF521}"
EndProject
Project("{8BC9CEB8-8B4A-11D0-8D11-00A0C91BC942}") = "Hoe2DEditor", "..\..\Hoe\HoeUtils\Hoe2DEditor\Hoe2DEditor.vcproj", "{CE0E450D-E046-4ED8-9FB3-25EC58C2A821}"
EndProject
Project("{8BC9CEB8-8B4A-11D0-8D11-00A0C91BC942}") = "HoeCore", "..\..\Hoe\HoeCore\Win32\HoeCore.vcproj", "{02382848-C357-45E3-BFAA-BCB7B197C6F6}"
EndProject
Global
	GlobalSection(SolutionConfigurationPlatforms) = preSolution
		Debug|Win32 = Debug|Win32
		Release|Win32 = Release|Win32
	EndGlobalSection
	GlobalSection(ProjectConfigurationPlatforms) = postSolution
		{98D6D456-9B42-4866-95BE-234CE6CFFC08}.Debug|Win32.ActiveCfg = Debug|Win32
		{98D6D456-9B42-4866-95BE-234CE6CFFC08}.Debug|Win32.Build.0 = Debug|Win32
		{98D6D456-9B42-4866-95BE-234CE6CFFC08}.Release|Win32.ActiveCfg = Release|Win32
		{98D6D456-9B42-4866-95BE-234CE6CFFC08}.Release|Win32.Build.0 = Release|Win32
		{945B955E-81E8-4716-ABBA-52ADE9B28A3D}.Debug|Win32.ActiveCfg = Debug|Win32
		{945B955E-81E8-4716-ABBA-52ADE9B28A3D}.Debug|Win32.Build.0 = Debug|Win32
		{945B955E-81E8-4716-ABBA-52ADE9B28A3D}.Release|Win32.ActiveCfg = Release|Win32
		{945B955E-81E8-4716-ABBA-52ADE9B28A3D}.Release|Win32.Build.0 = Release|Win32
		{EFA8F4B3-B7A5-4C2D-8BA4-BAC4CA819864}.Debug|Win32.ActiveCfg = Debug|Win32
		{EFA8F4B3-B7A5-4C2D-8BA4-BAC4CA819864}.Debug|Win32.Build.0 = Debug|Win32
		{EFA8F4B3-B7A5-4C2D-8BA4-BAC4CA819864}.Release|Win32.ActiveCfg = Release|Win32
		{EFA8F4B3-B7A5-4C2D-8BA4-BAC4CA819864}.Release|Win32.Build.0 = Release|Win32
		{4053E9EC-D83D-4DFD-B382-2AB578FE1878}.Debug|Win32.ActiveCfg = Debug DLL|Win32
		{4053E9EC-D83D-4DFD-B382-2AB578FE1878}.Debug|Win32.Build.0 = Debug DLL|Win32
		{4053E9EC-D83D-4DFD-B382-2AB578FE1878}.Release|Win32.ActiveCfg = Release DLL|Win32
		{4053E9EC-D83D-4DFD-B382-2AB578FE1878}.Release|Win32.Build.0 = Release DLL|Win32
		{EE836EF2-E930-44D9-97B0-71CBAF3EF521}.Debug|Win32.ActiveCfg = DebugD3D9|Win32
		{EE836EF2-E930-44D9-97B0-71CBAF3EF521}.Debug|Win32.Build.0 = DebugD3D9|Win32
		{EE836EF2-E930-44D9-97B0-71CBAF3EF521}.Release|Win32.ActiveCfg = DebugD3D9|Win32
		{EE836EF2-E930-44D9-97B0-71CBAF3EF521}.Release|Win32.Build.0 = DebugD3D9|Win32
		{CE0E450D-E046-4ED8-9FB3-25EC58C2A821}.Debug|Win32.ActiveCfg = Debug|Win32
		{CE0E450D-E046-4ED8-9FB3-25EC58C2A821}.Debug|Win32.Build.0 = Debug|Win32
		{CE0E450D-E046-4ED8-9FB3-25EC58C2A821}.Release|Win32.ActiveCfg = Release|Win32
		{CE0E450D-E046-4ED8-9FB3-25EC58C2A821}.Release|Win32.Build.0 = Release|Win32
		{02382848-C357-45E3-BFAA-BCB7B197C6F6}.Debug|Win32.ActiveCfg = Debug|Win32
		{02382848-C357-45E3-BFAA-BCB7B197C6F6}.Debug|Win32.Build.0 = Debug|Win32
		{02382848-C357-45E3-BFAA-BCB7B197C6F6}.Release|Win32.ActiveCfg = Release|Win32
		{02382848-C357-45E3-BFAA-BCB7B197C6F6}.Release|Win32.Build.0 = Release|Win32
	EndGlobalSection
	GlobalSection(SolutionProperties) = preSolution
		HideSolutionNode = FALSE
	EndGlobalSection
EndGlobal
